Microsoft Visual Studio Solution File, Format Version 12.00
# Visual Studio Version 17
VisualStudioVersion = 17.5.2.0
MinimumVisualStudioVersion = 10.0.40219.1
Project("{FAE04EC0-301F-11D3-BF4B-00C04F79EFBC}") = "anqrwzui", "anqrwzui.csproj", "{1CAFBCD5-E01C-414F-0E3B-124457A48447}"
EndProject
Global
	GlobalSection(SolutionConfigurationPlatforms) = preSolution
		Debug|Any CPU = Debug|Any CPU
		Release|Any CPU = Release|Any CPU
	EndGlobalSection
	GlobalSection(ProjectConfigurationPlatforms) = postSolution
		{1CAFBCD5-E01C-414F-0E3B-124457A48447}.Debug|Any CPU.ActiveCfg = Debug|Any CPU
		{1CAFBCD5-E01C-414F-0E3B-124457A48447}.Debug|Any CPU.Build.0 = Debug|Any CPU
		{1CAFBCD5-E01C-414F-0E3B-124457A48447}.Release|Any CPU.ActiveCfg = Release|Any CPU
		{1CAFBCD5-E01C-414F-0E3B-124457A48447}.Release|Any CPU.Build.0 = Release|Any CPU
	EndGlobalSection
	GlobalSection(SolutionProperties) = preSolution
		HideSolutionNode = FALSE
	EndGlobalSection
	GlobalSection(ExtensibilityGlobals) = postSolution
		SolutionGuid = {A3FAFAB7-6773-4AEF-9D67-89F354856F31}
	EndGlobalSection
EndGlobal
